
Microsoft Visual Studio Solution File, Format Version 12.00
# Visual Studio Version 17
VisualStudioVersion = 17.5.33530.505
MinimumVisualStudioVersion = 10.0.40219.1
Project("{FAE04EC0-301F-11D3-BF4B-00C04F79EFBC}") = "CAB301_Assignment_3", "CAB301_Assignment_3\CAB301_Assignment_3.csproj", "{78E57C7C-03E9-455F-A89B-6DBABB9D85BE}"
EndProject
Global
	GlobalSection(SolutionConfigurationPlatforms) = preSolution
		Debug|Any CPU = Debug|Any CPU
		Release|Any CPU = Release|Any CPU
	EndGlobalSection
	GlobalSection(ProjectConfigurationPlatforms) = postSolution
		{78E57C7C-03E9-455F-A89B-6DBABB9D85BE}.Debug|Any CPU.ActiveCfg = Debug|Any CPU
		{78E57C7C-03E9-455F-A89B-6DBABB9D85BE}.Debug|Any CPU.Build.0 = Debug|Any CPU
		{78E57C7C-03E9-455F-A89B-6DBABB9D85BE}.Release|Any CPU.ActiveCfg = Release|Any CPU
		{78E57C7C-03E9-455F-A89B-6DBABB9D85BE}.Release|Any CPU.Build.0 = Release|Any CPU
	EndGlobalSection
	GlobalSection(SolutionProperties) = preSolution
		HideSolutionNode = FALSE
	EndGlobalSection
	GlobalSection(ExtensibilityGlobals) = postSolution
		SolutionGuid = {35E70B82-3F72-4F7A-9864-2B64104BBCB6}
	EndGlobalSection
EndGlobal
